
Microsoft Visual Studio Solution File, Format Version 12.00
# Visual Studio Version 16
VisualStudioVersion = 16.0.31019.35
MinimumVisualStudioVersion = 10.0.40219.1
Project("{FAE04EC0-301F-11D3-BF4B-00C04F79EFBC}") = "türkçe karakterleri ingilizceye çevirme", "türkçe karakterleri ingilizceye çevirme\türkçe karakterleri ingilizceye çevirme.csproj", "{DE3107DD-03DE-4031-BCE8-13DFA4FB1F85}"
EndProject
Global
	GlobalSection(SolutionConfigurationPlatforms) = preSolution
		Debug|Any CPU = Debug|Any CPU
		Release|Any CPU = Release|Any CPU
	EndGlobalSection
	GlobalSection(ProjectConfigurationPlatforms) = postSolution
		{DE3107DD-03DE-4031-BCE8-13DFA4FB1F85}.Debug|Any CPU.ActiveCfg = Debug|Any CPU
		{DE3107DD-03DE-4031-BCE8-13DFA4FB1F85}.Debug|Any CPU.Build.0 = Debug|Any CPU
		{DE3107DD-03DE-4031-BCE8-13DFA4FB1F85}.Release|Any CPU.ActiveCfg = Release|Any CPU
		{DE3107DD-03DE-4031-BCE8-13DFA4FB1F85}.Release|Any CPU.Build.0 = Release|Any CPU
	EndGlobalSection
	GlobalSection(SolutionProperties) = preSolution
		HideSolutionNode = FALSE
	EndGlobalSection
	GlobalSection(ExtensibilityGlobals) = postSolution
		SolutionGuid = {6D0289EE-588E-4E56-ACCA-0F7F24455D8A}
	EndGlobalSection
EndGlobal
